
Microsoft Visual Studio Solution File, Format Version 11.00
# Visual Studio 2010
Project("{2150E333-8FDC-42A3-9474-1A3956D46DE8}") = "Tools", "Tools", "{802001A7-4145-4CB9-9625-05705C9E3CC0}"
EndProject
Project("{2150E333-8FDC-42A3-9474-1A3956D46DE8}") = "Component", "Component", "{3201A6BB-6C63-49CC-9EF6-98E3B8AF987E}"
EndProject
Project("{2150E333-8FDC-42A3-9474-1A3956D46DE8}") = "ORM", "ORM", "{3DA3EAA4-CD6E-48D1-82ED-1F84265D78B2}"
EndProject
Project("{FAE04EC0-301F-11D3-BF4B-00C04F79EFBC}") = "MySoft.Web", "MySoft.Web\MySoft.Web.csproj", "{D2610145-763C-4C1E-8853-06ACA8FF4C3E}"
EndProject
Project("{FAE04EC0-301F-11D3-BF4B-00C04F79EFBC}") = "MySoft.Tools.EntityDesign", "MySoft.Tools.EntityDesign\MySoft.Tools.EntityDesign.csproj", "{652C34E6-15AD-43BD-885B-8829ED936F03}"
EndProject
Project("{FAE04EC0-301F-11D3-BF4B-00C04F79EFBC}") = "MySoft.Tools.SetupEntityVsPlugin", "SetupEntityVsPlugin\MySoft.Tools.SetupEntityVsPlugin.csproj", "{95FA9821-A21B-4EA9-BABC-0C4ABFBBF45A}"
EndProject
Project("{FAE04EC0-301F-11D3-BF4B-00C04F79EFBC}") = "MySoft.Tools.EntityDesignVsPlugin", "MySoft.Tools.EntityDesignVsPlugin\MySoft.Tools.EntityDesignVsPlugin.csproj", "{829C81BF-0868-4DA6-89D4-C9E32AB7C2AA}"
EndProject
Project("{FAE04EC0-301F-11D3-BF4B-00C04F79EFBC}") = "MySoft.Data", "MySoft.Data\MySoft.Data.csproj", "{7B603EE2-B9F0-445E-817F-F058F43E5F48}"
EndProject
Project("{FAE04EC0-301F-11D3-BF4B-00C04F79EFBC}") = "MySoft.Data.FireBird", "MySoft.Data.FireBird\MySoft.Data.FireBird.csproj", "{C18C7EE5-8EF9-4A62-9A46-5D8F6508A1DD}"
EndProject
Project("{FAE04EC0-301F-11D3-BF4B-00C04F79EFBC}") = "MySoft.Data.SQLite", "MySoft.Data.SQLite\MySoft.Data.SQLite.csproj", "{808B39B7-20E2-4F33-9667-A91D650F61AD}"
EndProject
Project("{FAE04EC0-301F-11D3-BF4B-00C04F79EFBC}") = "MySoft.Data.MySql", "MySoft.Data.MySql\MySoft.Data.MySql.csproj", "{F1CB3A8A-6458-45DA-AFEB-A91869E096D3}"
EndProject
Project("{FAE04EC0-301F-11D3-BF4B-00C04F79EFBC}") = "MySoft.Common", "MySoft.Common\MySoft.Common.csproj", "{03BA353F-793B-4560-8159-1358F9AEE118}"
EndProject
Project("{FAE04EC0-301F-11D3-BF4B-00C04F79EFBC}") = "MySoft.Data.PostgreSQL", "MySoft.Data.PostgreSQL\MySoft.Data.PostgreSQL.csproj", "{34A8CA2B-4792-45E0-A00A-F62A85130AA6}"
EndProject
Project("{FAE04EC0-301F-11D3-BF4B-00C04F79EFBC}") = "MySoft.Core", "MySoft.Core\MySoft.Core.csproj", "{1DF7ED40-1747-4114-A8E4-6B3B85034883}"
EndProject
Project("{FAE04EC0-301F-11D3-BF4B-00C04F79EFBC}") = "MySoft.Cache", "MySoft.Cache\MySoft.Cache.csproj", "{87C42E48-A4B1-4C92-885C-11CBFD67E3EF}"
EndProject
Project("{2150E333-8FDC-42A3-9474-1A3956D46DE8}") = "PlatformService", "PlatformService", "{DE276D8F-DD2F-45CA-A38E-0A3A356E5BB1}"
EndProject
Project("{FAE04EC0-301F-11D3-BF4B-00C04F79EFBC}") = "MySoft.PlatformService", "MySoft.PlatformService\MySoft.PlatformService.csproj", "{0872DE0A-F3CC-443A-A6A4-E5ED9F15C7FC}"
EndProject
Project("{FAE04EC0-301F-11D3-BF4B-00C04F79EFBC}") = "MySoft.IoC", "MySoft.IoC\MySoft.IoC.csproj", "{075BD20E-ABD5-4754-8C40-58E3EC025E42}"
EndProject
Project("{FAE04EC0-301F-11D3-BF4B-00C04F79EFBC}") = "MySoft.PlatformService.Client", "MySoft.PlatformService.Client\MySoft.PlatformService.Client.csproj", "{A377D541-E7BB-46F9-A453-3B68336DF1EA}"
EndProject
Project("{FAE04EC0-301F-11D3-BF4B-00C04F79EFBC}") = "MySoft.PlatformService.UserService", "MySoft.PlatformService.UserService\MySoft.PlatformService.UserService.csproj", "{4955AB17-A062-4399-8795-3D40F6FDB869}"
EndProject
Project("{FAE04EC0-301F-11D3-BF4B-00C04F79EFBC}") = "MySoft.PlatformService.WinForm", "MySoft.PlatformService.WinForm\MySoft.PlatformService.WinForm.csproj", "{77D2BA2C-1273-4D33-842E-01C6B00B47E6}"
EndProject
Project("{FAE04EC0-301F-11D3-BF4B-00C04F79EFBC}") = "MySoft.PlatformService.Console", "MySoft.PlatformService.Console\MySoft.PlatformService.Console.csproj", "{7018EC36-D675-48A3-BE1B-31154697E949}"
EndProject
Project("{FAE04EC0-301F-11D3-BF4B-00C04F79EFBC}") = "MySoft.PlatformService.WebForm", "MySoft.PlatformService.WebForm\MySoft.PlatformService.WebForm.csproj", "{56FCC50C-9D0F-4AD7-A771-B856852A72EC}"
EndProject
Project("{2150E333-8FDC-42A3-9474-1A3956D46DE8}") = "UnitTest", "UnitTest", "{C4719344-2F51-4D01-A840-E54B1CE2FE74}"
EndProject
Project("{2150E333-8FDC-42A3-9474-1A3956D46DE8}") = "AppTest", "AppTest", "{31530326-47F1-4EB7-8D0D-E6F731AC43D7}"
EndProject
Project("{FAE04EC0-301F-11D3-BF4B-00C04F79EFBC}") = "MySoft.Core.UnitTest", "MySoft.Core.UnitTest\MySoft.Core.UnitTest.csproj", "{65ACDF46-892E-4C58-8214-24C41D036C49}"
EndProject
Project("{2150E333-8FDC-42A3-9474-1A3956D46DE8}") = "Solution Items", "Solution Items", "{85BA49CC-0250-48CF-9F0A-3960C2609875}"
	ProjectSection(SolutionItems) = preProject
		Local.testsettings = Local.testsettings
		MySoftSolutionV3.vsmdi = MySoftSolutionV3.vsmdi
		TraceAndTestImpact.testsettings = TraceAndTestImpact.testsettings
	EndProjectSection
EndProject
Project("{FAE04EC0-301F-11D3-BF4B-00C04F79EFBC}") = "MySoft.RESTful", "MySoft.RESTful\MySoft.RESTful.csproj", "{7F20D991-BAA3-42DD-AAA9-D72810DE02DF}"
EndProject
Project("{FAE04EC0-301F-11D3-BF4B-00C04F79EFBC}") = "MySoft.RESTful.Web", "MySoft.RESTful.Web\MySoft.RESTful.Web.csproj", "{6404CF88-C276-4DA3-BC71-FAF43CBC8719}"
EndProject
Project("{FAE04EC0-301F-11D3-BF4B-00C04F79EFBC}") = "MySoft.RESTful.Demo", "MySoft.RESTful.Demo\MySoft.RESTful.Demo.csproj", "{FDF5902E-26CF-450C-BAB0-AD97F5DCE74C}"
EndProject
Project("{2150E333-8FDC-42A3-9474-1A3956D46DE8}") = "MySoft.PlatformService", "MySoft.PlatformService", "{D3CB0362-2FFE-4340-9D3C-5F8061413550}"
EndProject
Project("{2150E333-8FDC-42A3-9474-1A3956D46DE8}") = "MySoft.RESTful", "MySoft.RESTful", "{20BAAF30-A633-4432-A5AC-171A06BF3B9A}"
EndProject
Project("{FAE04EC0-301F-11D3-BF4B-00C04F79EFBC}") = "MySoft.PlatformService.IoC", "MySoft.PlatformService.IoC\MySoft.PlatformService.IoC.csproj", "{D838F2CE-6919-466F-909F-FCEC5AE4CB79}"
EndProject
Project("{FAE04EC0-301F-11D3-BF4B-00C04F79EFBC}") = "MySoft.Data.UnitTest", "MySoft.Data.UnitTest\MySoft.Data.UnitTest.csproj", "{A836F414-2813-48DD-B512-68F2FFF18FD9}"
EndProject
Project("{FAE04EC0-301F-11D3-BF4B-00C04F79EFBC}") = "MySoft.RESTful.SDK", "MySoft.RESTful.SDK\MySoft.RESTful.SDK.csproj", "{5662E617-0E9B-4EE8-9B85-004ED7F15E5E}"
EndProject
Project("{FAE04EC0-301F-11D3-BF4B-00C04F79EFBC}") = "MySoft.WinForm.Test", "MySoft.WinForm.Test\MySoft.WinForm.Test.csproj", "{12EC93C4-D93C-42B8-9688-E54686A83178}"
EndProject
Project("{FAE04EC0-301F-11D3-BF4B-00C04F79EFBC}") = "MySoft20.IoC", "MySoft20.IoC\MySoft20.IoC.csproj", "{7F6585D5-9A1C-4865-98AE-E5BA0FE875F0}"
EndProject
Project("{FAE04EC0-301F-11D3-BF4B-00C04F79EFBC}") = "MySoft20.IoC.Client", "MySoft20.IoC.Client\MySoft20.IoC.Client.csproj", "{27A9A2D0-E282-4BD3-9BFD-DB3EA17DEFD5}"
EndProject
Project("{FAE04EC0-301F-11D3-BF4B-00C04F79EFBC}") = "MySoft.WebAPI", "MySoft.WebAPI\MySoft.WebAPI.csproj", "{A7E67E1A-1C60-43A3-A0F8-1023318325CE}"
EndProject
Project("{FAE04EC0-301F-11D3-BF4B-00C04F79EFBC}") = "MySoft.IoC.HttpProxy", "MySoft.IoC.HttpProxy\MySoft.IoC.HttpProxy.csproj", "{3C3B51AC-3939-487F-9831-F408E3B5D96F}"
EndProject
Project("{2150E333-8FDC-42A3-9474-1A3956D46DE8}") = "RESTful", "RESTful", "{703E3281-173E-467C-81D0-5892514DC322}"
EndProject
Project("{FAE04EC0-301F-11D3-BF4B-00C04F79EFBC}") = "MySoft.Tools.CastleConfig", "MySoft.Tools.CastleConfig\MySoft.Tools.CastleConfig.csproj", "{7A04DA88-1ED1-49AE-8C17-3F39E3618A5F}"
EndProject
Project("{2150E333-8FDC-42A3-9474-1A3956D46DE8}") = "Cache", "Cache", "{D95468B9-E4D2-4932-87C7-B87956E0E794}"
EndProject
Project("{FAE04EC0-301F-11D3-BF4B-00C04F79EFBC}") = "MySoft.Cache.Shared", "MySoft.Cache.Shared\MySoft.Cache.Shared.csproj", "{926A6758-523E-434D-93F4-6CB071592B78}"
EndProject
Project("{FAE04EC0-301F-11D3-BF4B-00C04F79EFBC}") = "MySoft.Cache.Couch", "MySoft.Cache.Couch\MySoft.Cache.Couch.csproj", "{FA150AF9-06A9-4232-A5A6-1DB49C20A7BB}"
EndProject
Global
	GlobalSection(SubversionScc) = preSolution
		Svn-Managed = True
		Manager = AnkhSVN - Subversion Support for Visual Studio
	EndGlobalSection
	GlobalSection(TestCaseManagementSettings) = postSolution
		CategoryFile = MySoftSolutionV3.vsmdi
	EndGlobalSection
	GlobalSection(SolutionConfigurationPlatforms) = preSolution
		Debug|Any CPU = Debug|Any CPU
		Debug|Mixed Platforms = Debug|Mixed Platforms
		Debug|x64 = Debug|x64
		Debug|x86 = Debug|x86
		Release|Any CPU = Release|Any CPU
		Release|Mixed Platforms = Release|Mixed Platforms
		Release|x64 = Release|x64
		Release|x86 = Release|x86
	EndGlobalSection
	GlobalSection(ProjectConfigurationPlatforms) = postSolution
		{D2610145-763C-4C1E-8853-06ACA8FF4C3E}.Debug|Any CPU.ActiveCfg = Debug|Any CPU
		{D2610145-763C-4C1E-8853-06ACA8FF4C3E}.Debug|Any CPU.Build.0 = Debug|Any CPU
		{D2610145-763C-4C1E-8853-06ACA8FF4C3E}.Debug|Mixed Platforms.ActiveCfg = Debug|Any CPU
		{D2610145-763C-4C1E-8853-06ACA8FF4C3E}.Debug|Mixed Platforms.Build.0 = Debug|Any CPU
		{D2610145-763C-4C1E-8853-06ACA8FF4C3E}.Debug|x64.ActiveCfg = Debug|x64
		{D2610145-763C-4C1E-8853-06ACA8FF4C3E}.Debug|x64.Build.0 = Debug|x64
		{D2610145-763C-4C1E-8853-06ACA8FF4C3E}.Debug|x86.ActiveCfg = Debug|x86
		{D2610145-763C-4C1E-8853-06ACA8FF4C3E}.Debug|x86.Build.0 = Debug|x86
		{D2610145-763C-4C1E-8853-06ACA8FF4C3E}.Release|Any CPU.ActiveCfg = Release|Any CPU
		{D2610145-763C-4C1E-8853-06ACA8FF4C3E}.Release|Any CPU.Build.0 = Release|Any CPU
		{D2610145-763C-4C1E-8853-06ACA8FF4C3E}.Release|Mixed Platforms.ActiveCfg = Release|Any CPU
		{D2610145-763C-4C1E-8853-06ACA8FF4C3E}.Release|Mixed Platforms.Build.0 = Release|Any CPU
		{D2610145-763C-4C1E-8853-06ACA8FF4C3E}.Release|x64.ActiveCfg = Release|x64
		{D2610145-763C-4C1E-8853-06ACA8FF4C3E}.Release|x64.Build.0 = Release|x64
		{D2610145-763C-4C1E-8853-06ACA8FF4C3E}.Release|x86.ActiveCfg = Release|x86
		{D2610145-763C-4C1E-8853-06ACA8FF4C3E}.Release|x86.Build.0 = Release|x86
		{652C34E6-15AD-43BD-885B-8829ED936F03}.Debug|Any CPU.ActiveCfg = Debug|Any CPU
		{652C34E6-15AD-43BD-885B-8829ED936F03}.Debug|Any CPU.Build.0 = Debug|Any CPU
		{652C34E6-15AD-43BD-885B-8829ED936F03}.Debug|Mixed Platforms.ActiveCfg = Debug|Any CPU
		{652C34E6-15AD-43BD-885B-8829ED936F03}.Debug|Mixed Platforms.Build.0 = Debug|Any CPU
		{652C34E6-15AD-43BD-885B-8829ED936F03}.Debug|x64.ActiveCfg = Debug|x64
		{652C34E6-15AD-43BD-885B-8829ED936F03}.Debug|x64.Build.0 = Debug|x64
		{652C34E6-15AD-43BD-885B-8829ED936F03}.Debug|x86.ActiveCfg = Debug|x86
		{652C34E6-15AD-43BD-885B-8829ED936F03}.Debug|x86.Build.0 = Debug|x86
		{652C34E6-15AD-43BD-885B-8829ED936F03}.Release|Any CPU.ActiveCfg = Release|Any CPU
		{652C34E6-15AD-43BD-885B-8829ED936F03}.Release|Any CPU.Build.0 = Release|Any CPU
		{652C34E6-15AD-43BD-885B-8829ED936F03}.Release|Mixed Platforms.ActiveCfg = Release|Any CPU
		{652C34E6-15AD-43BD-885B-8829ED936F03}.Release|Mixed Platforms.Build.0 = Release|Any CPU
		{652C34E6-15AD-43BD-885B-8829ED936F03}.Release|x64.ActiveCfg = Release|x64
		{652C34E6-15AD-43BD-885B-8829ED936F03}.Release|x64.Build.0 = Release|x64
		{652C34E6-15AD-43BD-885B-8829ED936F03}.Release|x86.ActiveCfg = Release|x86
		{652C34E6-15AD-43BD-885B-8829ED936F03}.Release|x86.Build.0 = Release|x86
		{95FA9821-A21B-4EA9-BABC-0C4ABFBBF45A}.Debug|Any CPU.ActiveCfg = Debug|Any CPU
		{95FA9821-A21B-4EA9-BABC-0C4ABFBBF45A}.Debug|Any CPU.Build.0 = Debug|Any CPU
		{95FA9821-A21B-4EA9-BABC-0C4ABFBBF45A}.Debug|Mixed Platforms.ActiveCfg = Debug|Any CPU
		{95FA9821-A21B-4EA9-BABC-0C4ABFBBF45A}.Debug|Mixed Platforms.Build.0 = Debug|Any CPU
		{95FA9821-A21B-4EA9-BABC-0C4ABFBBF45A}.Debug|x64.ActiveCfg = Debug|x64
		{95FA9821-A21B-4EA9-BABC-0C4ABFBBF45A}.Debug|x64.Build.0 = Debug|x64
		{95FA9821-A21B-4EA9-BABC-0C4ABFBBF45A}.Debug|x86.ActiveCfg = Debug|x86
		{95FA9821-A21B-4EA9-BABC-0C4ABFBBF45A}.Debug|x86.Build.0 = Debug|x86
		{95FA9821-A21B-4EA9-BABC-0C4ABFBBF45A}.Release|Any CPU.ActiveCfg = Release|Any CPU
		{95FA9821-A21B-4EA9-BABC-0C4ABFBBF45A}.Release|Any CPU.Build.0 = Release|Any CPU
		{95FA9821-A21B-4EA9-BABC-0C4ABFBBF45A}.Release|Mixed Platforms.ActiveCfg = Release|Any CPU
		{95FA9821-A21B-4EA9-BABC-0C4ABFBBF45A}.Release|Mixed Platforms.Build.0 = Release|Any CPU
		{95FA9821-A21B-4EA9-BABC-0C4ABFBBF45A}.Release|x64.ActiveCfg = Release|x64
		{95FA9821-A21B-4EA9-BABC-0C4ABFBBF45A}.Release|x64.Build.0 = Release|x64
		{95FA9821-A21B-4EA9-BABC-0C4ABFBBF45A}.Release|x86.ActiveCfg = Release|x86
		{95FA9821-A21B-4EA9-BABC-0C4ABFBBF45A}.Release|x86.Build.0 = Release|x86
		{829C81BF-0868-4DA6-89D4-C9E32AB7C2AA}.Debug|Any CPU.ActiveCfg = Debug|Any CPU
		{829C81BF-0868-4DA6-89D4-C9E32AB7C2AA}.Debug|Any CPU.Build.0 = Debug|Any CPU
		{829C81BF-0868-4DA6-89D4-C9E32AB7C2AA}.Debug|Mixed Platforms.ActiveCfg = Debug|Any CPU
		{829C81BF-0868-4DA6-89D4-C9E32AB7C2AA}.Debug|Mixed Platforms.Build.0 = Debug|Any CPU
		{829C81BF-0868-4DA6-89D4-C9E32AB7C2AA}.Debug|x64.ActiveCfg = Debug|x64
		{829C81BF-0868-4DA6-89D4-C9E32AB7C2AA}.Debug|x64.Build.0 = Debug|x64
		{829C81BF-0868-4DA6-89D4-C9E32AB7C2AA}.Debug|x86.ActiveCfg = Debug|x86
		{829C81BF-0868-4DA6-89D4-C9E32AB7C2AA}.Debug|x86.Build.0 = Debug|x86
		{829C81BF-0868-4DA6-89D4-C9E32AB7C2AA}.Release|Any CPU.ActiveCfg = Release|Any CPU
		{829C81BF-0868-4DA6-89D4-C9E32AB7C2AA}.Release|Any CPU.Build.0 = Release|Any CPU
		{829C81BF-0868-4DA6-89D4-C9E32AB7C2AA}.Release|Mixed Platforms.ActiveCfg = Release|Any CPU
		{829C81BF-0868-4DA6-89D4-C9E32AB7C2AA}.Release|Mixed Platforms.Build.0 = Release|Any CPU
		{829C81BF-0868-4DA6-89D4-C9E32AB7C2AA}.Release|x64.ActiveCfg = Release|x64
		{829C81BF-0868-4DA6-89D4-C9E32AB7C2AA}.Release|x64.Build.0 = Release|x64
		{829C81BF-0868-4DA6-89D4-C9E32AB7C2AA}.Release|x86.ActiveCfg = Release|x86
		{829C81BF-0868-4DA6-89D4-C9E32AB7C2AA}.Release|x86.Build.0 = Release|x86
		{7B603EE2-B9F0-445E-817F-F058F43E5F48}.Debug|Any CPU.ActiveCfg = Debug|Any CPU
		{7B603EE2-B9F0-445E-817F-F058F43E5F48}.Debug|Any CPU.Build.0 = Debug|Any CPU
		{7B603EE2-B9F0-445E-817F-F058F43E5F48}.Debug|Mixed Platforms.ActiveCfg = Debug|Any CPU
		{7B603EE2-B9F0-445E-817F-F058F43E5F48}.Debug|Mixed Platforms.Build.0 = Debug|Any CPU
		{7B603EE2-B9F0-445E-817F-F058F43E5F48}.Debug|x64.ActiveCfg = Debug|x64
		{7B603EE2-B9F0-445E-817F-F058F43E5F48}.Debug|x64.Build.0 = Debug|x64
		{7B603EE2-B9F0-445E-817F-F058F43E5F48}.Debug|x86.ActiveCfg = Debug|x86
		{7B603EE2-B9F0-445E-817F-F058F43E5F48}.Debug|x86.Build.0 = Debug|x86
		{7B603EE2-B9F0-445E-817F-F058F43E5F48}.Release|Any CPU.ActiveCfg = Release|Any CPU
		{7B603EE2-B9F0-445E-817F-F058F43E5F48}.Release|Any CPU.Build.0 = Release|Any CPU
		{7B603EE2-B9F0-445E-817F-F058F43E5F48}.Release|Mixed Platforms.ActiveCfg = Release|Any CPU
		{7B603EE2-B9F0-445E-817F-F058F43E5F48}.Release|Mixed Platforms.Build.0 = Release|Any CPU
		{7B603EE2-B9F0-445E-817F-F058F43E5F48}.Release|x64.ActiveCfg = Release|x64
		{7B603EE2-B9F0-445E-817F-F058F43E5F48}.Release|x64.Build.0 = Release|x64
		{7B603EE2-B9F0-445E-817F-F058F43E5F48}.Release|x86.ActiveCfg = Release|x86
		{7B603EE2-B9F0-445E-817F-F058F43E5F48}.Release|x86.Build.0 = Release|x86
		{C18C7EE5-8EF9-4A62-9A46-5D8F6508A1DD}.Debug|Any CPU.ActiveCfg = Debug|Any CPU
		{C18C7EE5-8EF9-4A62-9A46-5D8F6508A1DD}.Debug|Any CPU.Build.0 = Debug|Any CPU
		{C18C7EE5-8EF9-4A62-9A46-5D8F6508A1DD}.Debug|Mixed Platforms.ActiveCfg = Debug|Any CPU
		{C18C7EE5-8EF9-4A62-9A46-5D8F6508A1DD}.Debug|Mixed Platforms.Build.0 = Debug|Any CPU
		{C18C7EE5-8EF9-4A62-9A46-5D8F6508A1DD}.Debug|x64.ActiveCfg = Debug|x64
		{C18C7EE5-8EF9-4A62-9A46-5D8F6508A1DD}.Debug|x64.Build.0 = Debug|x64
		{C18C7EE5-8EF9-4A62-9A46-5D8F6508A1DD}.Debug|x86.ActiveCfg = Debug|x86
		{C18C7EE5-8EF9-4A62-9A46-5D8F6508A1DD}.Debug|x86.Build.0 = Debug|x86
		{C18C7EE5-8EF9-4A62-9A46-5D8F6508A1DD}.Release|Any CPU.ActiveCfg = Release|Any CPU
		{C18C7EE5-8EF9-4A62-9A46-5D8F6508A1DD}.Release|Any CPU.Build.0 = Release|Any CPU
		{C18C7EE5-8EF9-4A62-9A46-5D8F6508A1DD}.Release|Mixed Platforms.ActiveCfg = Release|Any CPU
		{C18C7EE5-8EF9-4A62-9A46-5D8F6508A1DD}.Release|Mixed Platforms.Build.0 = Release|Any CPU
		{C18C7EE5-8EF9-4A62-9A46-5D8F6508A1DD}.Release|x64.ActiveCfg = Release|x64
		{C18C7EE5-8EF9-4A62-9A46-5D8F6508A1DD}.Release|x64.Build.0 = Release|x64
		{C18C7EE5-8EF9-4A62-9A46-5D8F6508A1DD}.Release|x86.ActiveCfg = Release|x86
		{C18C7EE5-8EF9-4A62-9A46-5D8F6508A1DD}.Release|x86.Build.0 = Release|x86
		{808B39B7-20E2-4F33-9667-A91D650F61AD}.Debug|Any CPU.ActiveCfg = Debug|Any CPU
		{808B39B7-20E2-4F33-9667-A91D650F61AD}.Debug|Any CPU.Build.0 = Debug|Any CPU
		{808B39B7-20E2-4F33-9667-A91D650F61AD}.Debug|Mixed Platforms.ActiveCfg = Debug|Any CPU
		{808B39B7-20E2-4F33-9667-A91D650F61AD}.Debug|Mixed Platforms.Build.0 = Debug|Any CPU
		{808B39B7-20E2-4F33-9667-A91D650F61AD}.Debug|x64.ActiveCfg = Debug|x64
		{808B39B7-20E2-4F33-9667-A91D650F61AD}.Debug|x64.Build.0 = Debug|x64
		{808B39B7-20E2-4F33-9667-A91D650F61AD}.Debug|x86.ActiveCfg = Debug|x86
		{808B39B7-20E2-4F33-9667-A91D650F61AD}.Debug|x86.Build.0 = Debug|x86
		{808B39B7-20E2-4F33-9667-A91D650F61AD}.Release|Any CPU.ActiveCfg = Release|Any CPU
		{808B39B7-20E2-4F33-9667-A91D650F61AD}.Release|Any CPU.Build.0 = Release|Any CPU
		{808B39B7-20E2-4F33-9667-A91D650F61AD}.Release|Mixed Platforms.ActiveCfg = Release|Any CPU
		{808B39B7-20E2-4F33-9667-A91D650F61AD}.Release|Mixed Platforms.Build.0 = Release|Any CPU
		{808B39B7-20E2-4F33-9667-A91D650F61AD}.Release|x64.ActiveCfg = Release|x64
		{808B39B7-20E2-4F33-9667-A91D650F61AD}.Release|x64.Build.0 = Release|x64
		{808B39B7-20E2-4F33-9667-A91D650F61AD}.Release|x86.ActiveCfg = Release|x86
		{808B39B7-20E2-4F33-9667-A91D650F61AD}.Release|x86.Build.0 = Release|x86
		{F1CB3A8A-6458-45DA-AFEB-A91869E096D3}.Debug|Any CPU.ActiveCfg = Debug|Any CPU
		{F1CB3A8A-6458-45DA-AFEB-A91869E096D3}.Debug|Any CPU.Build.0 = Debug|Any CPU
		{F1CB3A8A-6458-45DA-AFEB-A91869E096D3}.Debug|Mixed Platforms.ActiveCfg = Debug|Any CPU
		{F1CB3A8A-6458-45DA-AFEB-A91869E096D3}.Debug|Mixed Platforms.Build.0 = Debug|Any CPU
		{F1CB3A8A-6458-45DA-AFEB-A91869E096D3}.Debug|x64.ActiveCfg = Debug|x64
		{F1CB3A8A-6458-45DA-AFEB-A91869E096D3}.Debug|x64.Build.0 = Debug|x64
		{F1CB3A8A-6458-45DA-AFEB-A91869E096D3}.Debug|x86.ActiveCfg = Debug|x86
		{F1CB3A8A-6458-45DA-AFEB-A91869E096D3}.Debug|x86.Build.0 = Debug|x86
		{F1CB3A8A-6458-45DA-AFEB-A91869E096D3}.Release|Any CPU.ActiveCfg = Release|Any CPU
		{F1CB3A8A-6458-45DA-AFEB-A91869E096D3}.Release|Any CPU.Build.0 = Release|Any CPU
		{F1CB3A8A-6458-45DA-AFEB-A91869E096D3}.Release|Mixed Platforms.ActiveCfg = Release|Any CPU
		{F1CB3A8A-6458-45DA-AFEB-A91869E096D3}.Release|Mixed Platforms.Build.0 = Release|Any CPU
		{F1CB3A8A-6458-45DA-AFEB-A91869E096D3}.Release|x64.ActiveCfg = Release|x64
		{F1CB3A8A-6458-45DA-AFEB-A91869E096D3}.Release|x64.Build.0 = Release|x64
		{F1CB3A8A-6458-45DA-AFEB-A91869E096D3}.Release|x86.ActiveCfg = Release|x86
		{F1CB3A8A-6458-45DA-AFEB-A91869E096D3}.Release|x86.Build.0 = Release|x86
		{03BA353F-793B-4560-8159-1358F9AEE118}.Debug|Any CPU.ActiveCfg = Debug|Any CPU
		{03BA353F-793B-4560-8159-1358F9AEE118}.Debug|Any CPU.Build.0 = Debug|Any CPU
		{03BA353F-793B-4560-8159-1358F9AEE118}.Debug|Mixed Platforms.ActiveCfg = Debug|Any CPU
		{03BA353F-793B-4560-8159-1358F9AEE118}.Debug|Mixed Platforms.Build.0 = Debug|Any CPU
		{03BA353F-793B-4560-8159-1358F9AEE118}.Debug|x64.ActiveCfg = Debug|x64
		{03BA353F-793B-4560-8159-1358F9AEE118}.Debug|x64.Build.0 = Debug|x64
		{03BA353F-793B-4560-8159-1358F9AEE118}.Debug|x86.ActiveCfg = Debug|x86
		{03BA353F-793B-4560-8159-1358F9AEE118}.Debug|x86.Build.0 = Debug|x86
		{03BA353F-793B-4560-8159-1358F9AEE118}.Release|Any CPU.ActiveCfg = Release|Any CPU
		{03BA353F-793B-4560-8159-1358F9AEE118}.Release|Any CPU.Build.0 = Release|Any CPU
		{03BA353F-793B-4560-8159-1358F9AEE118}.Release|Mixed Platforms.ActiveCfg = Release|Any CPU
		{03BA353F-793B-4560-8159-1358F9AEE118}.Release|Mixed Platforms.Build.0 = Release|Any CPU
		{03BA353F-793B-4560-8159-1358F9AEE118}.Release|x64.ActiveCfg = Release|x64
		{03BA353F-793B-4560-8159-1358F9AEE118}.Release|x64.Build.0 = Release|x64
		{03BA353F-793B-4560-8159-1358F9AEE118}.Release|x86.ActiveCfg = Release|x86
		{03BA353F-793B-4560-8159-1358F9AEE118}.Release|x86.Build.0 = Release|x86
		{34A8CA2B-4792-45E0-A00A-F62A85130AA6}.Debug|Any CPU.ActiveCfg = Debug|Any CPU
		{34A8CA2B-4792-45E0-A00A-F62A85130AA6}.Debug|Any CPU.Build.0 = Debug|Any CPU
		{34A8CA2B-4792-45E0-A00A-F62A85130AA6}.Debug|Mixed Platforms.ActiveCfg = Debug|Any CPU
		{34A8CA2B-4792-45E0-A00A-F62A85130AA6}.Debug|Mixed Platforms.Build.0 = Debug|Any CPU
		{34A8CA2B-4792-45E0-A00A-F62A85130AA6}.Debug|x64.ActiveCfg = Debug|x64
		{34A8CA2B-4792-45E0-A00A-F62A85130AA6}.Debug|x64.Build.0 = Debug|x64
		{34A8CA2B-4792-45E0-A00A-F62A85130AA6}.Debug|x86.ActiveCfg = Debug|x86
		{34A8CA2B-4792-45E0-A00A-F62A85130AA6}.Debug|x86.Build.0 = Debug|x86
		{34A8CA2B-4792-45E0-A00A-F62A85130AA6}.Release|Any CPU.ActiveCfg = Release|Any CPU
		{34A8CA2B-4792-45E0-A00A-F62A85130AA6}.Release|Any CPU.Build.0 = Release|Any CPU
		{34A8CA2B-4792-45E0-A00A-F62A85130AA6}.Release|Mixed Platforms.ActiveCfg = Release|Any CPU
		{34A8CA2B-4792-45E0-A00A-F62A85130AA6}.Release|Mixed Platforms.Build.0 = Release|Any CPU
		{34A8CA2B-4792-45E0-A00A-F62A85130AA6}.Release|x64.ActiveCfg = Release|x64
		{34A8CA2B-4792-45E0-A00A-F62A85130AA6}.Release|x64.Build.0 = Release|x64
		{34A8CA2B-4792-45E0-A00A-F62A85130AA6}.Release|x86.ActiveCfg = Release|x86
		{34A8CA2B-4792-45E0-A00A-F62A85130AA6}.Release|x86.Build.0 = Release|x86
		{1DF7ED40-1747-4114-A8E4-6B3B85034883}.Debug|Any CPU.ActiveCfg = Debug|Any CPU
		{1DF7ED40-1747-4114-A8E4-6B3B85034883}.Debug|Any CPU.Build.0 = Debug|Any CPU
		{1DF7ED40-1747-4114-A8E4-6B3B85034883}.Debug|Mixed Platforms.ActiveCfg = Debug|Any CPU
		{1DF7ED40-1747-4114-A8E4-6B3B85034883}.Debug|Mixed Platforms.Build.0 = Debug|Any CPU
		{1DF7ED40-1747-4114-A8E4-6B3B85034883}.Debug|x64.ActiveCfg = Debug|x64
		{1DF7ED40-1747-4114-A8E4-6B3B85034883}.Debug|x64.Build.0 = Debug|x64
		{1DF7ED40-1747-4114-A8E4-6B3B85034883}.Debug|x86.ActiveCfg = Debug|x86
		{1DF7ED40-1747-4114-A8E4-6B3B85034883}.Debug|x86.Build.0 = Debug|x86
		{1DF7ED40-1747-4114-A8E4-6B3B85034883}.Release|Any CPU.ActiveCfg = Release|Any CPU
		{1DF7ED40-1747-4114-A8E4-6B3B85034883}.Release|Any CPU.Build.0 = Release|Any CPU
		{1DF7ED40-1747-4114-A8E4-6B3B85034883}.Release|Mixed Platforms.ActiveCfg = Release|Any CPU
		{1DF7ED40-1747-4114-A8E4-6B3B85034883}.Release|Mixed Platforms.Build.0 = Release|Any CPU
		{1DF7ED40-1747-4114-A8E4-6B3B85034883}.Release|x64.ActiveCfg = Release|x64
		{1DF7ED40-1747-4114-A8E4-6B3B85034883}.Release|x64.Build.0 = Release|x64
		{1DF7ED40-1747-4114-A8E4-6B3B85034883}.Release|x86.ActiveCfg = Release|x86
		{1DF7ED40-1747-4114-A8E4-6B3B85034883}.Release|x86.Build.0 = Release|x86
		{87C42E48-A4B1-4C92-885C-11CBFD67E3EF}.Debug|Any CPU.ActiveCfg = Debug|Any CPU
		{87C42E48-A4B1-4C92-885C-11CBFD67E3EF}.Debug|Any CPU.Build.0 = Debug|Any CPU
		{87C42E48-A4B1-4C92-885C-11CBFD67E3EF}.Debug|Mixed Platforms.ActiveCfg = Debug|Any CPU
		{87C42E48-A4B1-4C92-885C-11CBFD67E3EF}.Debug|Mixed Platforms.Build.0 = Debug|Any CPU
		{87C42E48-A4B1-4C92-885C-11CBFD67E3EF}.Debug|x64.ActiveCfg = Debug|x64
		{87C42E48-A4B1-4C92-885C-11CBFD67E3EF}.Debug|x64.Build.0 = Debug|x64
		{87C42E48-A4B1-4C92-885C-11CBFD67E3EF}.Debug|x86.ActiveCfg = Debug|x86
		{87C42E48-A4B1-4C92-885C-11CBFD67E3EF}.Debug|x86.Build.0 = Debug|x86
		{87C42E48-A4B1-4C92-885C-11CBFD67E3EF}.Release|Any CPU.ActiveCfg = Release|Any CPU
		{87C42E48-A4B1-4C92-885C-11CBFD67E3EF}.Release|Any CPU.Build.0 = Release|Any CPU
		{87C42E48-A4B1-4C92-885C-11CBFD67E3EF}.Release|Mixed Platforms.ActiveCfg = Release|Any CPU
		{87C42E48-A4B1-4C92-885C-11CBFD67E3EF}.Release|Mixed Platforms.Build.0 = Release|Any CPU
		{87C42E48-A4B1-4C92-885C-11CBFD67E3EF}.Release|x64.ActiveCfg = Release|x64
		{87C42E48-A4B1-4C92-885C-11CBFD67E3EF}.Release|x64.Build.0 = Release|x64
		{87C42E48-A4B1-4C92-885C-11CBFD67E3EF}.Release|x86.ActiveCfg = Release|x86
		{87C42E48-A4B1-4C92-885C-11CBFD67E3EF}.Release|x86.Build.0 = Release|x86
		{0872DE0A-F3CC-443A-A6A4-E5ED9F15C7FC}.Debug|Any CPU.ActiveCfg = Debug|Any CPU
		{0872DE0A-F3CC-443A-A6A4-E5ED9F15C7FC}.Debug|Any CPU.Build.0 = Debug|Any CPU
		{0872DE0A-F3CC-443A-A6A4-E5ED9F15C7FC}.Debug|Mixed Platforms.ActiveCfg = Debug|Any CPU
		{0872DE0A-F3CC-443A-A6A4-E5ED9F15C7FC}.Debug|Mixed Platforms.Build.0 = Debug|Any CPU
		{0872DE0A-F3CC-443A-A6A4-E5ED9F15C7FC}.Debug|x64.ActiveCfg = Debug|x64
		{0872DE0A-F3CC-443A-A6A4-E5ED9F15C7FC}.Debug|x64.Build.0 = Debug|x64
		{0872DE0A-F3CC-443A-A6A4-E5ED9F15C7FC}.Debug|x86.ActiveCfg = Debug|x86
		{0872DE0A-F3CC-443A-A6A4-E5ED9F15C7FC}.Debug|x86.Build.0 = Debug|x86
		{0872DE0A-F3CC-443A-A6A4-E5ED9F15C7FC}.Release|Any CPU.ActiveCfg = Release|Any CPU
		{0872DE0A-F3CC-443A-A6A4-E5ED9F15C7FC}.Release|Any CPU.Build.0 = Release|Any CPU
		{0872DE0A-F3CC-443A-A6A4-E5ED9F15C7FC}.Release|Mixed Platforms.ActiveCfg = Release|Any CPU
		{0872DE0A-F3CC-443A-A6A4-E5ED9F15C7FC}.Release|Mixed Platforms.Build.0 = Release|Any CPU
		{0872DE0A-F3CC-443A-A6A4-E5ED9F15C7FC}.Release|x64.ActiveCfg = Release|x64
		{0872DE0A-F3CC-443A-A6A4-E5ED9F15C7FC}.Release|x64.Build.0 = Release|x64
		{0872DE0A-F3CC-443A-A6A4-E5ED9F15C7FC}.Release|x86.ActiveCfg = Release|x86
		{0872DE0A-F3CC-443A-A6A4-E5ED9F15C7FC}.Release|x86.Build.0 = Release|x86
		{075BD20E-ABD5-4754-8C40-58E3EC025E42}.Debug|Any CPU.ActiveCfg = Debug|Any CPU
		{075BD20E-ABD5-4754-8C40-58E3EC025E42}.Debug|Any CPU.Build.0 = Debug|Any CPU
		{075BD20E-ABD5-4754-8C40-58E3EC025E42}.Debug|Mixed Platforms.ActiveCfg = Debug|Any CPU
		{075BD20E-ABD5-4754-8C40-58E3EC025E42}.Debug|Mixed Platforms.Build.0 = Debug|Any CPU
		{075BD20E-ABD5-4754-8C40-58E3EC025E42}.Debug|x64.ActiveCfg = Debug|x64
		{075BD20E-ABD5-4754-8C40-58E3EC025E42}.Debug|x64.Build.0 = Debug|x64
		{075BD20E-ABD5-4754-8C40-58E3EC025E42}.Debug|x86.ActiveCfg = Debug|x86
		{075BD20E-ABD5-4754-8C40-58E3EC025E42}.Debug|x86.Build.0 = Debug|x86
		{075BD20E-ABD5-4754-8C40-58E3EC025E42}.Release|Any CPU.ActiveCfg = Release|Any CPU
		{075BD20E-ABD5-4754-8C40-58E3EC025E42}.Release|Any CPU.Build.0 = Release|Any CPU
		{075BD20E-ABD5-4754-8C40-58E3EC025E42}.Release|Mixed Platforms.ActiveCfg = Release|Any CPU
		{075BD20E-ABD5-4754-8C40-58E3EC025E42}.Release|Mixed Platforms.Build.0 = Release|Any CPU
		{075BD20E-ABD5-4754-8C40-58E3EC025E42}.Release|x64.ActiveCfg = Release|x64
		{075BD20E-ABD5-4754-8C40-58E3EC025E42}.Release|x64.Build.0 = Release|x64
		{075BD20E-ABD5-4754-8C40-58E3EC025E42}.Release|x86.ActiveCfg = Release|x86
		{075BD20E-ABD5-4754-8C40-58E3EC025E42}.Release|x86.Build.0 = Release|x86
		{A377D541-E7BB-46F9-A453-3B68336DF1EA}.Debug|Any CPU.ActiveCfg = Debug|Any CPU
		{A377D541-E7BB-46F9-A453-3B68336DF1EA}.Debug|Any CPU.Build.0 = Debug|Any CPU
		{A377D541-E7BB-46F9-A453-3B68336DF1EA}.Debug|Mixed Platforms.ActiveCfg = Debug|Any CPU
		{A377D541-E7BB-46F9-A453-3B68336DF1EA}.Debug|Mixed Platforms.Build.0 = Debug|Any CPU
		{A377D541-E7BB-46F9-A453-3B68336DF1EA}.Debug|x64.ActiveCfg = Debug|x64
		{A377D541-E7BB-46F9-A453-3B68336DF1EA}.Debug|x64.Build.0 = Debug|x64
		{A377D541-E7BB-46F9-A453-3B68336DF1EA}.Debug|x86.ActiveCfg = Debug|x86
		{A377D541-E7BB-46F9-A453-3B68336DF1EA}.Debug|x86.Build.0 = Debug|x86
		{A377D541-E7BB-46F9-A453-3B68336DF1EA}.Release|Any CPU.ActiveCfg = Release|Any CPU
		{A377D541-E7BB-46F9-A453-3B68336DF1EA}.Release|Any CPU.Build.0 = Release|Any CPU
		{A377D541-E7BB-46F9-A453-3B68336DF1EA}.Release|Mixed Platforms.ActiveCfg = Release|Any CPU
		{A377D541-E7BB-46F9-A453-3B68336DF1EA}.Release|Mixed Platforms.Build.0 = Release|Any CPU
		{A377D541-E7BB-46F9-A453-3B68336DF1EA}.Release|x64.ActiveCfg = Release|x64
		{A377D541-E7BB-46F9-A453-3B68336DF1EA}.Release|x64.Build.0 = Release|x64
		{A377D541-E7BB-46F9-A453-3B68336DF1EA}.Release|x86.ActiveCfg = Release|x86
		{A377D541-E7BB-46F9-A453-3B68336DF1EA}.Release|x86.Build.0 = Release|x86
		{4955AB17-A062-4399-8795-3D40F6FDB869}.Debug|Any CPU.ActiveCfg = Debug|Any CPU
		{4955AB17-A062-4399-8795-3D40F6FDB869}.Debug|Any CPU.Build.0 = Debug|Any CPU
		{4955AB17-A062-4399-8795-3D40F6FDB869}.Debug|Mixed Platforms.ActiveCfg = Debug|Any CPU
		{4955AB17-A062-4399-8795-3D40F6FDB869}.Debug|Mixed Platforms.Build.0 = Debug|Any CPU
		{4955AB17-A062-4399-8795-3D40F6FDB869}.Debug|x64.ActiveCfg = Debug|x64
		{4955AB17-A062-4399-8795-3D40F6FDB869}.Debug|x64.Build.0 = Debug|x64
		{4955AB17-A062-4399-8795-3D40F6FDB869}.Debug|x86.ActiveCfg = Debug|x86
		{4955AB17-A062-4399-8795-3D40F6FDB869}.Debug|x86.Build.0 = Debug|x86
		{4955AB17-A062-4399-8795-3D40F6FDB869}.Release|Any CPU.ActiveCfg = Release|Any CPU
		{4955AB17-A062-4399-8795-3D40F6FDB869}.Release|Any CPU.Build.0 = Release|Any CPU
		{4955AB17-A062-4399-8795-3D40F6FDB869}.Release|Mixed Platforms.ActiveCfg = Release|Any CPU
		{4955AB17-A062-4399-8795-3D40F6FDB869}.Release|Mixed Platforms.Build.0 = Release|Any CPU
		{4955AB17-A062-4399-8795-3D40F6FDB869}.Release|x64.ActiveCfg = Release|x64
		{4955AB17-A062-4399-8795-3D40F6FDB869}.Release|x64.Build.0 = Release|x64
		{4955AB17-A062-4399-8795-3D40F6FDB869}.Release|x86.ActiveCfg = Release|x86
		{4955AB17-A062-4399-8795-3D40F6FDB869}.Release|x86.Build.0 = Release|x86
		{77D2BA2C-1273-4D33-842E-01C6B00B47E6}.Debug|Any CPU.ActiveCfg = Debug|Any CPU
		{77D2BA2C-1273-4D33-842E-01C6B00B47E6}.Debug|Any CPU.Build.0 = Debug|Any CPU
		{77D2BA2C-1273-4D33-842E-01C6B00B47E6}.Debug|Mixed Platforms.ActiveCfg = Debug|Any CPU
		{77D2BA2C-1273-4D33-842E-01C6B00B47E6}.Debug|Mixed Platforms.Build.0 = Debug|Any CPU
		{77D2BA2C-1273-4D33-842E-01C6B00B47E6}.Debug|x64.ActiveCfg = Debug|x64
		{77D2BA2C-1273-4D33-842E-01C6B00B47E6}.Debug|x64.Build.0 = Debug|x64
		{77D2BA2C-1273-4D33-842E-01C6B00B47E6}.Debug|x86.ActiveCfg = Debug|x86
		{77D2BA2C-1273-4D33-842E-01C6B00B47E6}.Debug|x86.Build.0 = Debug|x86
		{77D2BA2C-1273-4D33-842E-01C6B00B47E6}.Release|Any CPU.ActiveCfg = Release|Any CPU
		{77D2BA2C-1273-4D33-842E-01C6B00B47E6}.Release|Any CPU.Build.0 = Release|Any CPU
		{77D2BA2C-1273-4D33-842E-01C6B00B47E6}.Release|Mixed Platforms.ActiveCfg = Release|Any CPU
		{77D2BA2C-1273-4D33-842E-01C6B00B47E6}.Release|Mixed Platforms.Build.0 = Release|Any CPU
		{77D2BA2C-1273-4D33-842E-01C6B00B47E6}.Release|x64.ActiveCfg = Release|x64
		{77D2BA2C-1273-4D33-842E-01C6B00B47E6}.Release|x64.Build.0 = Release|x64
		{77D2BA2C-1273-4D33-842E-01C6B00B47E6}.Release|x86.ActiveCfg = Release|x86
		{77D2BA2C-1273-4D33-842E-01C6B00B47E6}.Release|x86.Build.0 = Release|x86
		{7018EC36-D675-48A3-BE1B-31154697E949}.Debug|Any CPU.ActiveCfg = Debug|Any CPU
		{7018EC36-D675-48A3-BE1B-31154697E949}.Debug|Any CPU.Build.0 = Debug|Any CPU
		{7018EC36-D675-48A3-BE1B-31154697E949}.Debug|Mixed Platforms.ActiveCfg = Debug|Any CPU
		{7018EC36-D675-48A3-BE1B-31154697E949}.Debug|Mixed Platforms.Build.0 = Debug|Any CPU
		{7018EC36-D675-48A3-BE1B-31154697E949}.Debug|x64.ActiveCfg = Debug|x64
		{7018EC36-D675-48A3-BE1B-31154697E949}.Debug|x64.Build.0 = Debug|x64
		{7018EC36-D675-48A3-BE1B-31154697E949}.Debug|x86.ActiveCfg = Debug|x86
		{7018EC36-D675-48A3-BE1B-31154697E949}.Debug|x86.Build.0 = Debug|x86
		{7018EC36-D675-48A3-BE1B-31154697E949}.Release|Any CPU.ActiveCfg = Release|Any CPU
		{7018EC36-D675-48A3-BE1B-31154697E949}.Release|Any CPU.Build.0 = Release|Any CPU
		{7018EC36-D675-48A3-BE1B-31154697E949}.Release|Mixed Platforms.ActiveCfg = Release|Any CPU
		{7018EC36-D675-48A3-BE1B-31154697E949}.Release|Mixed Platforms.Build.0 = Release|Any CPU
		{7018EC36-D675-48A3-BE1B-31154697E949}.Release|x64.ActiveCfg = Release|x64
		{7018EC36-D675-48A3-BE1B-31154697E949}.Release|x64.Build.0 = Release|x64
		{7018EC36-D675-48A3-BE1B-31154697E949}.Release|x86.ActiveCfg = Release|x86
		{7018EC36-D675-48A3-BE1B-31154697E949}.Release|x86.Build.0 = Release|x86
		{56FCC50C-9D0F-4AD7-A771-B856852A72EC}.Debug|Any CPU.ActiveCfg = Debug|Any CPU
		{56FCC50C-9D0F-4AD7-A771-B856852A72EC}.Debug|Any CPU.Build.0 = Debug|Any CPU
		{56FCC50C-9D0F-4AD7-A771-B856852A72EC}.Debug|Mixed Platforms.ActiveCfg = Debug|Any CPU
		{56FCC50C-9D0F-4AD7-A771-B856852A72EC}.Debug|Mixed Platforms.Build.0 = Debug|Any CPU
		{56FCC50C-9D0F-4AD7-A771-B856852A72EC}.Debug|x64.ActiveCfg = Debug|x64
		{56FCC50C-9D0F-4AD7-A771-B856852A72EC}.Debug|x64.Build.0 = Debug|x64
		{56FCC50C-9D0F-4AD7-A771-B856852A72EC}.Debug|x86.ActiveCfg = Debug|x86
		{56FCC50C-9D0F-4AD7-A771-B856852A72EC}.Debug|x86.Build.0 = Debug|x86
		{56FCC50C-9D0F-4AD7-A771-B856852A72EC}.Release|Any CPU.ActiveCfg = Release|Any CPU
		{56FCC50C-9D0F-4AD7-A771-B856852A72EC}.Release|Any CPU.Build.0 = Release|Any CPU
		{56FCC50C-9D0F-4AD7-A771-B856852A72EC}.Release|Mixed Platforms.ActiveCfg = Release|Any CPU
		{56FCC50C-9D0F-4AD7-A771-B856852A72EC}.Release|Mixed Platforms.Build.0 = Release|Any CPU
		{56FCC50C-9D0F-4AD7-A771-B856852A72EC}.Release|x64.ActiveCfg = Release|x64
		{56FCC50C-9D0F-4AD7-A771-B856852A72EC}.Release|x64.Build.0 = Release|x64
		{56FCC50C-9D0F-4AD7-A771-B856852A72EC}.Release|x86.ActiveCfg = Release|x86
		{56FCC50C-9D0F-4AD7-A771-B856852A72EC}.Release|x86.Build.0 = Release|x86
		{65ACDF46-892E-4C58-8214-24C41D036C49}.Debug|Any CPU.ActiveCfg = Debug|Any CPU
		{65ACDF46-892E-4C58-8214-24C41D036C49}.Debug|Any CPU.Build.0 = Debug|Any CPU
		{65ACDF46-892E-4C58-8214-24C41D036C49}.Debug|Mixed Platforms.ActiveCfg = Debug|Any CPU
		{65ACDF46-892E-4C58-8214-24C41D036C49}.Debug|Mixed Platforms.Build.0 = Debug|Any CPU
		{65ACDF46-892E-4C58-8214-24C41D036C49}.Debug|x64.ActiveCfg = Debug|x64
		{65ACDF46-892E-4C58-8214-24C41D036C49}.Debug|x64.Build.0 = Debug|x64
		{65ACDF46-892E-4C58-8214-24C41D036C49}.Debug|x86.ActiveCfg = Debug|x86
		{65ACDF46-892E-4C58-8214-24C41D036C49}.Debug|x86.Build.0 = Debug|x86
		{65ACDF46-892E-4C58-8214-24C41D036C49}.Release|Any CPU.ActiveCfg = Release|Any CPU
		{65ACDF46-892E-4C58-8214-24C41D036C49}.Release|Any CPU.Build.0 = Release|Any CPU
		{65ACDF46-892E-4C58-8214-24C41D036C49}.Release|Mixed Platforms.ActiveCfg = Release|Any CPU
		{65ACDF46-892E-4C58-8214-24C41D036C49}.Release|Mixed Platforms.Build.0 = Release|Any CPU
		{65ACDF46-892E-4C58-8214-24C41D036C49}.Release|x64.ActiveCfg = Release|x64
		{65ACDF46-892E-4C58-8214-24C41D036C49}.Release|x64.Build.0 = Release|x64
		{65ACDF46-892E-4C58-8214-24C41D036C49}.Release|x86.ActiveCfg = Release|x86
		{65ACDF46-892E-4C58-8214-24C41D036C49}.Release|x86.Build.0 = Release|x86
		{7F20D991-BAA3-42DD-AAA9-D72810DE02DF}.Debug|Any CPU.ActiveCfg = Debug|Any CPU
		{7F20D991-BAA3-42DD-AAA9-D72810DE02DF}.Debug|Any CPU.Build.0 = Debug|Any CPU
		{7F20D991-BAA3-42DD-AAA9-D72810DE02DF}.Debug|Mixed Platforms.ActiveCfg = Debug|Any CPU
		{7F20D991-BAA3-42DD-AAA9-D72810DE02DF}.Debug|Mixed Platforms.Build.0 = Debug|Any CPU
		{7F20D991-BAA3-42DD-AAA9-D72810DE02DF}.Debug|x64.ActiveCfg = Debug|x64
		{7F20D991-BAA3-42DD-AAA9-D72810DE02DF}.Debug|x64.Build.0 = Debug|x64
		{7F20D991-BAA3-42DD-AAA9-D72810DE02DF}.Debug|x86.ActiveCfg = Debug|x86
		{7F20D991-BAA3-42DD-AAA9-D72810DE02DF}.Debug|x86.Build.0 = Debug|x86
		{7F20D991-BAA3-42DD-AAA9-D72810DE02DF}.Release|Any CPU.ActiveCfg = Release|Any CPU
		{7F20D991-BAA3-42DD-AAA9-D72810DE02DF}.Release|Any CPU.Build.0 = Release|Any CPU
		{7F20D991-BAA3-42DD-AAA9-D72810DE02DF}.Release|Mixed Platforms.ActiveCfg = Release|Any CPU
		{7F20D991-BAA3-42DD-AAA9-D72810DE02DF}.Release|Mixed Platforms.Build.0 = Release|Any CPU
		{7F20D991-BAA3-42DD-AAA9-D72810DE02DF}.Release|x64.ActiveCfg = Release|x64
		{7F20D991-BAA3-42DD-AAA9-D72810DE02DF}.Release|x64.Build.0 = Release|x64
		{7F20D991-BAA3-42DD-AAA9-D72810DE02DF}.Release|x86.ActiveCfg = Release|x86
		{7F20D991-BAA3-42DD-AAA9-D72810DE02DF}.Release|x86.Build.0 = Release|x86
		{6404CF88-C276-4DA3-BC71-FAF43CBC8719}.Debug|Any CPU.ActiveCfg = Debug|Any CPU
		{6404CF88-C276-4DA3-BC71-FAF43CBC8719}.Debug|Any CPU.Build.0 = Debug|Any CPU
		{6404CF88-C276-4DA3-BC71-FAF43CBC8719}.Debug|Mixed Platforms.ActiveCfg = Debug|Any CPU
		{6404CF88-C276-4DA3-BC71-FAF43CBC8719}.Debug|Mixed Platforms.Build.0 = Debug|Any CPU
		{6404CF88-C276-4DA3-BC71-FAF43CBC8719}.Debug|x64.ActiveCfg = Debug|x64
		{6404CF88-C276-4DA3-BC71-FAF43CBC8719}.Debug|x64.Build.0 = Debug|x64
		{6404CF88-C276-4DA3-BC71-FAF43CBC8719}.Debug|x86.ActiveCfg = Debug|x86
		{6404CF88-C276-4DA3-BC71-FAF43CBC8719}.Debug|x86.Build.0 = Debug|x86
		{6404CF88-C276-4DA3-BC71-FAF43CBC8719}.Release|Any CPU.ActiveCfg = Release|Any CPU
		{6404CF88-C276-4DA3-BC71-FAF43CBC8719}.Release|Any CPU.Build.0 = Release|Any CPU
		{6404CF88-C276-4DA3-BC71-FAF43CBC8719}.Release|Mixed Platforms.ActiveCfg = Release|Any CPU
		{6404CF88-C276-4DA3-BC71-FAF43CBC8719}.Release|Mixed Platforms.Build.0 = Release|Any CPU
		{6404CF88-C276-4DA3-BC71-FAF43CBC8719}.Release|x64.ActiveCfg = Release|x64
		{6404CF88-C276-4DA3-BC71-FAF43CBC8719}.Release|x64.Build.0 = Release|x64
		{6404CF88-C276-4DA3-BC71-FAF43CBC8719}.Release|x86.ActiveCfg = Release|x86
		{6404CF88-C276-4DA3-BC71-FAF43CBC8719}.Release|x86.Build.0 = Release|x86
		{FDF5902E-26CF-450C-BAB0-AD97F5DCE74C}.Debug|Any CPU.ActiveCfg = Debug|Any CPU
		{FDF5902E-26CF-450C-BAB0-AD97F5DCE74C}.Debug|Any CPU.Build.0 = Debug|Any CPU
		{FDF5902E-26CF-450C-BAB0-AD97F5DCE74C}.Debug|Mixed Platforms.ActiveCfg = Debug|Any CPU
		{FDF5902E-26CF-450C-BAB0-AD97F5DCE74C}.Debug|Mixed Platforms.Build.0 = Debug|Any CPU
		{FDF5902E-26CF-450C-BAB0-AD97F5DCE74C}.Debug|x64.ActiveCfg = Debug|x64
		{FDF5902E-26CF-450C-BAB0-AD97F5DCE74C}.Debug|x64.Build.0 = Debug|x64
		{FDF5902E-26CF-450C-BAB0-AD97F5DCE74C}.Debug|x86.ActiveCfg = Debug|x86
		{FDF5902E-26CF-450C-BAB0-AD97F5DCE74C}.Debug|x86.Build.0 = Debug|x86
		{FDF5902E-26CF-450C-BAB0-AD97F5DCE74C}.Release|Any CPU.ActiveCfg = Release|Any CPU
		{FDF5902E-26CF-450C-BAB0-AD97F5DCE74C}.Release|Any CPU.Build.0 = Release|Any CPU
		{FDF5902E-26CF-450C-BAB0-AD97F5DCE74C}.Release|Mixed Platforms.ActiveCfg = Release|Any CPU
		{FDF5902E-26CF-450C-BAB0-AD97F5DCE74C}.Release|Mixed Platforms.Build.0 = Release|Any CPU
		{FDF5902E-26CF-450C-BAB0-AD97F5DCE74C}.Release|x64.ActiveCfg = Release|x64
		{FDF5902E-26CF-450C-BAB0-AD97F5DCE74C}.Release|x64.Build.0 = Release|x64
		{FDF5902E-26CF-450C-BAB0-AD97F5DCE74C}.Release|x86.ActiveCfg = Release|x86
		{FDF5902E-26CF-450C-BAB0-AD97F5DCE74C}.Release|x86.Build.0 = Release|x86
		{D838F2CE-6919-466F-909F-FCEC5AE4CB79}.Debug|Any CPU.ActiveCfg = Debug|Any CPU
		{D838F2CE-6919-466F-909F-FCEC5AE4CB79}.Debug|Any CPU.Build.0 = Debug|Any CPU
		{D838F2CE-6919-466F-909F-FCEC5AE4CB79}.Debug|Mixed Platforms.ActiveCfg = Debug|Any CPU
		{D838F2CE-6919-466F-909F-FCEC5AE4CB79}.Debug|Mixed Platforms.Build.0 = Debug|Any CPU
		{D838F2CE-6919-466F-909F-FCEC5AE4CB79}.Debug|x64.ActiveCfg = Debug|x64
		{D838F2CE-6919-466F-909F-FCEC5AE4CB79}.Debug|x64.Build.0 = Debug|x64
		{D838F2CE-6919-466F-909F-FCEC5AE4CB79}.Debug|x86.ActiveCfg = Debug|x86
		{D838F2CE-6919-466F-909F-FCEC5AE4CB79}.Debug|x86.Build.0 = Debug|x86
		{D838F2CE-6919-466F-909F-FCEC5AE4CB79}.Release|Any CPU.ActiveCfg = Release|Any CPU
		{D838F2CE-6919-466F-909F-FCEC5AE4CB79}.Release|Any CPU.Build.0 = Release|Any CPU
		{D838F2CE-6919-466F-909F-FCEC5AE4CB79}.Release|Mixed Platforms.ActiveCfg = Release|Any CPU
		{D838F2CE-6919-466F-909F-FCEC5AE4CB79}.Release|Mixed Platforms.Build.0 = Release|Any CPU
		{D838F2CE-6919-466F-909F-FCEC5AE4CB79}.Release|x64.ActiveCfg = Release|x64
		{D838F2CE-6919-466F-909F-FCEC5AE4CB79}.Release|x64.Build.0 = Release|x64
		{D838F2CE-6919-466F-909F-FCEC5AE4CB79}.Release|x86.ActiveCfg = Release|x86
		{D838F2CE-6919-466F-909F-FCEC5AE4CB79}.Release|x86.Build.0 = Release|x86
		{A836F414-2813-48DD-B512-68F2FFF18FD9}.Debug|Any CPU.ActiveCfg = Debug|Any CPU
		{A836F414-2813-48DD-B512-68F2FFF18FD9}.Debug|Any CPU.Build.0 = Debug|Any CPU
		{A836F414-2813-48DD-B512-68F2FFF18FD9}.Debug|Mixed Platforms.ActiveCfg = Debug|Any CPU
		{A836F414-2813-48DD-B512-68F2FFF18FD9}.Debug|Mixed Platforms.Build.0 = Debug|Any CPU
		{A836F414-2813-48DD-B512-68F2FFF18FD9}.Debug|x64.ActiveCfg = Debug|x64
		{A836F414-2813-48DD-B512-68F2FFF18FD9}.Debug|x64.Build.0 = Debug|x64
		{A836F414-2813-48DD-B512-68F2FFF18FD9}.Debug|x86.ActiveCfg = Debug|x86
		{A836F414-2813-48DD-B512-68F2FFF18FD9}.Debug|x86.Build.0 = Debug|x86
		{A836F414-2813-48DD-B512-68F2FFF18FD9}.Release|Any CPU.ActiveCfg = Release|Any CPU
		{A836F414-2813-48DD-B512-68F2FFF18FD9}.Release|Any CPU.Build.0 = Release|Any CPU
		{A836F414-2813-48DD-B512-68F2FFF18FD9}.Release|Mixed Platforms.ActiveCfg = Release|Any CPU
		{A836F414-2813-48DD-B512-68F2FFF18FD9}.Release|Mixed Platforms.Build.0 = Release|Any CPU
		{A836F414-2813-48DD-B512-68F2FFF18FD9}.Release|x64.ActiveCfg = Release|x64
		{A836F414-2813-48DD-B512-68F2FFF18FD9}.Release|x64.Build.0 = Release|x64
		{A836F414-2813-48DD-B512-68F2FFF18FD9}.Release|x86.ActiveCfg = Release|x86
		{A836F414-2813-48DD-B512-68F2FFF18FD9}.Release|x86.Build.0 = Release|x86
		{5662E617-0E9B-4EE8-9B85-004ED7F15E5E}.Debug|Any CPU.ActiveCfg = Debug|Any CPU
		{5662E617-0E9B-4EE8-9B85-004ED7F15E5E}.Debug|Any CPU.Build.0 = Debug|Any CPU
		{5662E617-0E9B-4EE8-9B85-004ED7F15E5E}.Debug|Mixed Platforms.ActiveCfg = Debug|Any CPU
		{5662E617-0E9B-4EE8-9B85-004ED7F15E5E}.Debug|Mixed Platforms.Build.0 = Debug|Any CPU
		{5662E617-0E9B-4EE8-9B85-004ED7F15E5E}.Debug|x64.ActiveCfg = Debug|x64
		{5662E617-0E9B-4EE8-9B85-004ED7F15E5E}.Debug|x64.Build.0 = Debug|x64
		{5662E617-0E9B-4EE8-9B85-004ED7F15E5E}.Debug|x86.ActiveCfg = Debug|x86
		{5662E617-0E9B-4EE8-9B85-004ED7F15E5E}.Debug|x86.Build.0 = Debug|x86
		{5662E617-0E9B-4EE8-9B85-004ED7F15E5E}.Release|Any CPU.ActiveCfg = Release|Any CPU
		{5662E617-0E9B-4EE8-9B85-004ED7F15E5E}.Release|Any CPU.Build.0 = Release|Any CPU
		{5662E617-0E9B-4EE8-9B85-004ED7F15E5E}.Release|Mixed Platforms.ActiveCfg = Release|Any CPU
		{5662E617-0E9B-4EE8-9B85-004ED7F15E5E}.Release|Mixed Platforms.Build.0 = Release|Any CPU
		{5662E617-0E9B-4EE8-9B85-004ED7F15E5E}.Release|x64.ActiveCfg = Release|x64
		{5662E617-0E9B-4EE8-9B85-004ED7F15E5E}.Release|x64.Build.0 = Release|x64
		{5662E617-0E9B-4EE8-9B85-004ED7F15E5E}.Release|x86.ActiveCfg = Release|x86
		{5662E617-0E9B-4EE8-9B85-004ED7F15E5E}.Release|x86.Build.0 = Release|x86
		{12EC93C4-D93C-42B8-9688-E54686A83178}.Debug|Any CPU.ActiveCfg = Debug|Any CPU
		{12EC93C4-D93C-42B8-9688-E54686A83178}.Debug|Any CPU.Build.0 = Debug|Any CPU
		{12EC93C4-D93C-42B8-9688-E54686A83178}.Debug|Mixed Platforms.ActiveCfg = Debug|Any CPU
		{12EC93C4-D93C-42B8-9688-E54686A83178}.Debug|Mixed Platforms.Build.0 = Debug|Any CPU
		{12EC93C4-D93C-42B8-9688-E54686A83178}.Debug|x64.ActiveCfg = Debug|x64
		{12EC93C4-D93C-42B8-9688-E54686A83178}.Debug|x64.Build.0 = Debug|x64
		{12EC93C4-D93C-42B8-9688-E54686A83178}.Debug|x86.ActiveCfg = Debug|x86
		{12EC93C4-D93C-42B8-9688-E54686A83178}.Debug|x86.Build.0 = Debug|x86
		{12EC93C4-D93C-42B8-9688-E54686A83178}.Release|Any CPU.ActiveCfg = Release|Any CPU
		{12EC93C4-D93C-42B8-9688-E54686A83178}.Release|Any CPU.Build.0 = Release|Any CPU
		{12EC93C4-D93C-42B8-9688-E54686A83178}.Release|Mixed Platforms.ActiveCfg = Release|Any CPU
		{12EC93C4-D93C-42B8-9688-E54686A83178}.Release|Mixed Platforms.Build.0 = Release|Any CPU
		{12EC93C4-D93C-42B8-9688-E54686A83178}.Release|x64.ActiveCfg = Release|x64
		{12EC93C4-D93C-42B8-9688-E54686A83178}.Release|x64.Build.0 = Release|x64
		{12EC93C4-D93C-42B8-9688-E54686A83178}.Release|x86.ActiveCfg = Release|x86
		{12EC93C4-D93C-42B8-9688-E54686A83178}.Release|x86.Build.0 = Release|x86
		{7F6585D5-9A1C-4865-98AE-E5BA0FE875F0}.Debug|Any CPU.ActiveCfg = Debug|Any CPU
		{7F6585D5-9A1C-4865-98AE-E5BA0FE875F0}.Debug|Any CPU.Build.0 = Debug|Any CPU
		{7F6585D5-9A1C-4865-98AE-E5BA0FE875F0}.Debug|Mixed Platforms.ActiveCfg = Debug|Any CPU
		{7F6585D5-9A1C-4865-98AE-E5BA0FE875F0}.Debug|Mixed Platforms.Build.0 = Debug|Any CPU
		{7F6585D5-9A1C-4865-98AE-E5BA0FE875F0}.Debug|x64.ActiveCfg = Debug|x64
		{7F6585D5-9A1C-4865-98AE-E5BA0FE875F0}.Debug|x64.Build.0 = Debug|x64
		{7F6585D5-9A1C-4865-98AE-E5BA0FE875F0}.Debug|x86.ActiveCfg = Debug|x86
		{7F6585D5-9A1C-4865-98AE-E5BA0FE875F0}.Debug|x86.Build.0 = Debug|x86
		{7F6585D5-9A1C-4865-98AE-E5BA0FE875F0}.Release|Any CPU.ActiveCfg = Release|Any CPU
		{7F6585D5-9A1C-4865-98AE-E5BA0FE875F0}.Release|Any CPU.Build.0 = Release|Any CPU
		{7F6585D5-9A1C-4865-98AE-E5BA0FE875F0}.Release|Mixed Platforms.ActiveCfg = Release|Any CPU
		{7F6585D5-9A1C-4865-98AE-E5BA0FE875F0}.Release|Mixed Platforms.Build.0 = Release|Any CPU
		{7F6585D5-9A1C-4865-98AE-E5BA0FE875F0}.Release|x64.ActiveCfg = Release|x64
		{7F6585D5-9A1C-4865-98AE-E5BA0FE875F0}.Release|x64.Build.0 = Release|x64
		{7F6585D5-9A1C-4865-98AE-E5BA0FE875F0}.Release|x86.ActiveCfg = Release|x86
		{7F6585D5-9A1C-4865-98AE-E5BA0FE875F0}.Release|x86.Build.0 = Release|x86
		{27A9A2D0-E282-4BD3-9BFD-DB3EA17DEFD5}.Debug|Any CPU.ActiveCfg = Debug|Any CPU
		{27A9A2D0-E282-4BD3-9BFD-DB3EA17DEFD5}.Debug|Any CPU.Build.0 = Debug|Any CPU
		{27A9A2D0-E282-4BD3-9BFD-DB3EA17DEFD5}.Debug|Mixed Platforms.ActiveCfg = Debug|x64
		{27A9A2D0-E282-4BD3-9BFD-DB3EA17DEFD5}.Debug|Mixed Platforms.Build.0 = Debug|x64
		{27A9A2D0-E282-4BD3-9BFD-DB3EA17DEFD5}.Debug|x64.ActiveCfg = Debug|x64
		{27A9A2D0-E282-4BD3-9BFD-DB3EA17DEFD5}.Debug|x64.Build.0 = Debug|x64
		{27A9A2D0-E282-4BD3-9BFD-DB3EA17DEFD5}.Debug|x86.ActiveCfg = Debug|x86
		{27A9A2D0-E282-4BD3-9BFD-DB3EA17DEFD5}.Debug|x86.Build.0 = Debug|x86
		{27A9A2D0-E282-4BD3-9BFD-DB3EA17DEFD5}.Release|Any CPU.ActiveCfg = Release|Any CPU
		{27A9A2D0-E282-4BD3-9BFD-DB3EA17DEFD5}.Release|Any CPU.Build.0 = Release|Any CPU
		{27A9A2D0-E282-4BD3-9BFD-DB3EA17DEFD5}.Release|Mixed Platforms.ActiveCfg = Release|Any CPU
		{27A9A2D0-E282-4BD3-9BFD-DB3EA17DEFD5}.Release|Mixed Platforms.Build.0 = Release|Any CPU
		{27A9A2D0-E282-4BD3-9BFD-DB3EA17DEFD5}.Release|x64.ActiveCfg = Release|x64
		{27A9A2D0-E282-4BD3-9BFD-DB3EA17DEFD5}.Release|x64.Build.0 = Release|x64
		{27A9A2D0-E282-4BD3-9BFD-DB3EA17DEFD5}.Release|x86.ActiveCfg = Release|x86
		{27A9A2D0-E282-4BD3-9BFD-DB3EA17DEFD5}.Release|x86.Build.0 = Release|x86
		{A7E67E1A-1C60-43A3-A0F8-1023318325CE}.Debug|Any CPU.ActiveCfg = Debug|Any CPU
		{A7E67E1A-1C60-43A3-A0F8-1023318325CE}.Debug|Any CPU.Build.0 = Debug|Any CPU
		{A7E67E1A-1C60-43A3-A0F8-1023318325CE}.Debug|Mixed Platforms.ActiveCfg = Debug|Any CPU
		{A7E67E1A-1C60-43A3-A0F8-1023318325CE}.Debug|Mixed Platforms.Build.0 = Debug|Any CPU
		{A7E67E1A-1C60-43A3-A0F8-1023318325CE}.Debug|x64.ActiveCfg = Debug|Any CPU
		{A7E67E1A-1C60-43A3-A0F8-1023318325CE}.Debug|x86.ActiveCfg = Debug|Any CPU
		{A7E67E1A-1C60-43A3-A0F8-1023318325CE}.Release|Any CPU.ActiveCfg = Release|Any CPU
		{A7E67E1A-1C60-43A3-A0F8-1023318325CE}.Release|Any CPU.Build.0 = Release|Any CPU
		{A7E67E1A-1C60-43A3-A0F8-1023318325CE}.Release|Mixed Platforms.ActiveCfg = Release|Any CPU
		{A7E67E1A-1C60-43A3-A0F8-1023318325CE}.Release|Mixed Platforms.Build.0 = Release|Any CPU
		{A7E67E1A-1C60-43A3-A0F8-1023318325CE}.Release|x64.ActiveCfg = Release|Any CPU
		{A7E67E1A-1C60-43A3-A0F8-1023318325CE}.Release|x86.ActiveCfg = Release|Any CPU
		{3C3B51AC-3939-487F-9831-F408E3B5D96F}.Debug|Any CPU.ActiveCfg = Debug|Any CPU
		{3C3B51AC-3939-487F-9831-F408E3B5D96F}.Debug|Any CPU.Build.0 = Debug|Any CPU
		{3C3B51AC-3939-487F-9831-F408E3B5D96F}.Debug|Mixed Platforms.ActiveCfg = Debug|Any CPU
		{3C3B51AC-3939-487F-9831-F408E3B5D96F}.Debug|Mixed Platforms.Build.0 = Debug|Any CPU
		{3C3B51AC-3939-487F-9831-F408E3B5D96F}.Debug|x64.ActiveCfg = Debug|Any CPU
		{3C3B51AC-3939-487F-9831-F408E3B5D96F}.Debug|x86.ActiveCfg = Debug|Any CPU
		{3C3B51AC-3939-487F-9831-F408E3B5D96F}.Release|Any CPU.ActiveCfg = Release|Any CPU
		{3C3B51AC-3939-487F-9831-F408E3B5D96F}.Release|Any CPU.Build.0 = Release|Any CPU
		{3C3B51AC-3939-487F-9831-F408E3B5D96F}.Release|Mixed Platforms.ActiveCfg = Release|Any CPU
		{3C3B51AC-3939-487F-9831-F408E3B5D96F}.Release|Mixed Platforms.Build.0 = Release|Any CPU
		{3C3B51AC-3939-487F-9831-F408E3B5D96F}.Release|x64.ActiveCfg = Release|Any CPU
		{3C3B51AC-3939-487F-9831-F408E3B5D96F}.Release|x86.ActiveCfg = Release|Any CPU
		{7A04DA88-1ED1-49AE-8C17-3F39E3618A5F}.Debug|Any CPU.ActiveCfg = Debug|Any CPU
		{7A04DA88-1ED1-49AE-8C17-3F39E3618A5F}.Debug|Any CPU.Build.0 = Debug|Any CPU
		{7A04DA88-1ED1-49AE-8C17-3F39E3618A5F}.Debug|Mixed Platforms.ActiveCfg = Debug|Any CPU
		{7A04DA88-1ED1-49AE-8C17-3F39E3618A5F}.Debug|Mixed Platforms.Build.0 = Debug|Any CPU
		{7A04DA88-1ED1-49AE-8C17-3F39E3618A5F}.Debug|x64.ActiveCfg = Debug|Any CPU
		{7A04DA88-1ED1-49AE-8C17-3F39E3618A5F}.Debug|x86.ActiveCfg = Debug|Any CPU
		{7A04DA88-1ED1-49AE-8C17-3F39E3618A5F}.Release|Any CPU.ActiveCfg = Release|Any CPU
		{7A04DA88-1ED1-49AE-8C17-3F39E3618A5F}.Release|Any CPU.Build.0 = Release|Any CPU
		{7A04DA88-1ED1-49AE-8C17-3F39E3618A5F}.Release|Mixed Platforms.ActiveCfg = Release|Any CPU
		{7A04DA88-1ED1-49AE-8C17-3F39E3618A5F}.Release|Mixed Platforms.Build.0 = Release|Any CPU
		{7A04DA88-1ED1-49AE-8C17-3F39E3618A5F}.Release|x64.ActiveCfg = Release|Any CPU
		{7A04DA88-1ED1-49AE-8C17-3F39E3618A5F}.Release|x86.ActiveCfg = Release|Any CPU
		{926A6758-523E-434D-93F4-6CB071592B78}.Debug|Any CPU.ActiveCfg = Debug|Any CPU
		{926A6758-523E-434D-93F4-6CB071592B78}.Debug|Any CPU.Build.0 = Debug|Any CPU
		{926A6758-523E-434D-93F4-6CB071592B78}.Debug|Mixed Platforms.ActiveCfg = Debug|Any CPU
		{926A6758-523E-434D-93F4-6CB071592B78}.Debug|Mixed Platforms.Build.0 = Debug|Any CPU
		{926A6758-523E-434D-93F4-6CB071592B78}.Debug|x64.ActiveCfg = Debug|Any CPU
		{926A6758-523E-434D-93F4-6CB071592B78}.Debug|x86.ActiveCfg = Debug|Any CPU
		{926A6758-523E-434D-93F4-6CB071592B78}.Release|Any CPU.ActiveCfg = Release|Any CPU
		{926A6758-523E-434D-93F4-6CB071592B78}.Release|Any CPU.Build.0 = Release|Any CPU
		{926A6758-523E-434D-93F4-6CB071592B78}.Release|Mixed Platforms.ActiveCfg = Release|Any CPU
		{926A6758-523E-434D-93F4-6CB071592B78}.Release|Mixed Platforms.Build.0 = Release|Any CPU
		{926A6758-523E-434D-93F4-6CB071592B78}.Release|x64.ActiveCfg = Release|Any CPU
		{926A6758-523E-434D-93F4-6CB071592B78}.Release|x86.ActiveCfg = Release|Any CPU
		{FA150AF9-06A9-4232-A5A6-1DB49C20A7BB}.Debug|Any CPU.ActiveCfg = Debug|Any CPU
		{FA150AF9-06A9-4232-A5A6-1DB49C20A7BB}.Debug|Any CPU.Build.0 = Debug|Any CPU
		{FA150AF9-06A9-4232-A5A6-1DB49C20A7BB}.Debug|Mixed Platforms.ActiveCfg = Debug|Any CPU
		{FA150AF9-06A9-4232-A5A6-1DB49C20A7BB}.Debug|Mixed Platforms.Build.0 = Debug|Any CPU
		{FA150AF9-06A9-4232-A5A6-1DB49C20A7BB}.Debug|x64.ActiveCfg = Debug|Any CPU
		{FA150AF9-06A9-4232-A5A6-1DB49C20A7BB}.Debug|x86.ActiveCfg = Debug|Any CPU
		{FA150AF9-06A9-4232-A5A6-1DB49C20A7BB}.Release|Any CPU.ActiveCfg = Release|Any CPU
		{FA150AF9-06A9-4232-A5A6-1DB49C20A7BB}.Release|Any CPU.Build.0 = Release|Any CPU
		{FA150AF9-06A9-4232-A5A6-1DB49C20A7BB}.Release|Mixed Platforms.ActiveCfg = Release|Any CPU
		{FA150AF9-06A9-4232-A5A6-1DB49C20A7BB}.Release|Mixed Platforms.Build.0 = Release|Any CPU
		{FA150AF9-06A9-4232-A5A6-1DB49C20A7BB}.Release|x64.ActiveCfg = Release|Any CPU
		{FA150AF9-06A9-4232-A5A6-1DB49C20A7BB}.Release|x86.ActiveCfg = Release|Any CPU
	EndGlobalSection
	GlobalSection(SolutionProperties) = preSolution
		HideSolutionNode = FALSE
	EndGlobalSection
	GlobalSection(NestedProjects) = preSolution
		{652C34E6-15AD-43BD-885B-8829ED936F03} = {802001A7-4145-4CB9-9625-05705C9E3CC0}
		{95FA9821-A21B-4EA9-BABC-0C4ABFBBF45A} = {802001A7-4145-4CB9-9625-05705C9E3CC0}
		{829C81BF-0868-4DA6-89D4-C9E32AB7C2AA} = {802001A7-4145-4CB9-9625-05705C9E3CC0}
		{7A04DA88-1ED1-49AE-8C17-3F39E3618A5F} = {802001A7-4145-4CB9-9625-05705C9E3CC0}
		{3DA3EAA4-CD6E-48D1-82ED-1F84265D78B2} = {3201A6BB-6C63-49CC-9EF6-98E3B8AF987E}
		{D2610145-763C-4C1E-8853-06ACA8FF4C3E} = {3201A6BB-6C63-49CC-9EF6-98E3B8AF987E}
		{03BA353F-793B-4560-8159-1358F9AEE118} = {3201A6BB-6C63-49CC-9EF6-98E3B8AF987E}
		{1DF7ED40-1747-4114-A8E4-6B3B85034883} = {3201A6BB-6C63-49CC-9EF6-98E3B8AF987E}
		{703E3281-173E-467C-81D0-5892514DC322} = {3201A6BB-6C63-49CC-9EF6-98E3B8AF987E}
		{D95468B9-E4D2-4932-87C7-B87956E0E794} = {3201A6BB-6C63-49CC-9EF6-98E3B8AF987E}
		{7B603EE2-B9F0-445E-817F-F058F43E5F48} = {3DA3EAA4-CD6E-48D1-82ED-1F84265D78B2}
		{C18C7EE5-8EF9-4A62-9A46-5D8F6508A1DD} = {3DA3EAA4-CD6E-48D1-82ED-1F84265D78B2}
		{808B39B7-20E2-4F33-9667-A91D650F61AD} = {3DA3EAA4-CD6E-48D1-82ED-1F84265D78B2}
		{F1CB3A8A-6458-45DA-AFEB-A91869E096D3} = {3DA3EAA4-CD6E-48D1-82ED-1F84265D78B2}
		{34A8CA2B-4792-45E0-A00A-F62A85130AA6} = {3DA3EAA4-CD6E-48D1-82ED-1F84265D78B2}
		{0872DE0A-F3CC-443A-A6A4-E5ED9F15C7FC} = {DE276D8F-DD2F-45CA-A38E-0A3A356E5BB1}
		{075BD20E-ABD5-4754-8C40-58E3EC025E42} = {DE276D8F-DD2F-45CA-A38E-0A3A356E5BB1}
		{C4719344-2F51-4D01-A840-E54B1CE2FE74} = {DE276D8F-DD2F-45CA-A38E-0A3A356E5BB1}
		{D838F2CE-6919-466F-909F-FCEC5AE4CB79} = {DE276D8F-DD2F-45CA-A38E-0A3A356E5BB1}
		{3C3B51AC-3939-487F-9831-F408E3B5D96F} = {DE276D8F-DD2F-45CA-A38E-0A3A356E5BB1}
		{D3CB0362-2FFE-4340-9D3C-5F8061413550} = {31530326-47F1-4EB7-8D0D-E6F731AC43D7}
		{20BAAF30-A633-4432-A5AC-171A06BF3B9A} = {31530326-47F1-4EB7-8D0D-E6F731AC43D7}
		{7F6585D5-9A1C-4865-98AE-E5BA0FE875F0} = {31530326-47F1-4EB7-8D0D-E6F731AC43D7}
		{27A9A2D0-E282-4BD3-9BFD-DB3EA17DEFD5} = {31530326-47F1-4EB7-8D0D-E6F731AC43D7}
		{A7E67E1A-1C60-43A3-A0F8-1023318325CE} = {31530326-47F1-4EB7-8D0D-E6F731AC43D7}
		{77D2BA2C-1273-4D33-842E-01C6B00B47E6} = {D3CB0362-2FFE-4340-9D3C-5F8061413550}
		{7018EC36-D675-48A3-BE1B-31154697E949} = {D3CB0362-2FFE-4340-9D3C-5F8061413550}
		{56FCC50C-9D0F-4AD7-A771-B856852A72EC} = {D3CB0362-2FFE-4340-9D3C-5F8061413550}
		{A377D541-E7BB-46F9-A453-3B68336DF1EA} = {D3CB0362-2FFE-4340-9D3C-5F8061413550}
		{4955AB17-A062-4399-8795-3D40F6FDB869} = {D3CB0362-2FFE-4340-9D3C-5F8061413550}
		{65ACDF46-892E-4C58-8214-24C41D036C49} = {C4719344-2F51-4D01-A840-E54B1CE2FE74}
		{A836F414-2813-48DD-B512-68F2FFF18FD9} = {C4719344-2F51-4D01-A840-E54B1CE2FE74}
		{12EC93C4-D93C-42B8-9688-E54686A83178} = {C4719344-2F51-4D01-A840-E54B1CE2FE74}
		{5662E617-0E9B-4EE8-9B85-004ED7F15E5E} = {703E3281-173E-467C-81D0-5892514DC322}
		{7F20D991-BAA3-42DD-AAA9-D72810DE02DF} = {703E3281-173E-467C-81D0-5892514DC322}
		{FDF5902E-26CF-450C-BAB0-AD97F5DCE74C} = {20BAAF30-A633-4432-A5AC-171A06BF3B9A}
		{6404CF88-C276-4DA3-BC71-FAF43CBC8719} = {20BAAF30-A633-4432-A5AC-171A06BF3B9A}
		{87C42E48-A4B1-4C92-885C-11CBFD67E3EF} = {D95468B9-E4D2-4932-87C7-B87956E0E794}
		{926A6758-523E-434D-93F4-6CB071592B78} = {D95468B9-E4D2-4932-87C7-B87956E0E794}
		{FA150AF9-06A9-4232-A5A6-1DB49C20A7BB} = {D95468B9-E4D2-4932-87C7-B87956E0E794}
	EndGlobalSection
EndGlobal
